
Microsoft Visual Studio Solution File, Format Version 12.00
# Visual Studio Version 17
VisualStudioVersion = 17.6.33723.286
MinimumVisualStudioVersion = 10.0.40219.1
Project("{9A19103F-16F7-4668-BE54-9A1E7A4F7556}") = "CodeJam.Light", "src\CodeJam.Light\CodeJam.Light.csproj", "{BDCE6340-E18D-406B-B099-4EB9FCB92383}"
EndProject
Project("{9A19103F-16F7-4668-BE54-9A1E7A4F7556}") = "build", "build\build.csproj", "{BEA1C019-2376-4736-B009-041C39A837AF}"
EndProject
Project("{9A19103F-16F7-4668-BE54-9A1E7A4F7556}") = "CodeJam.Light.Tests", "tests\CodeJam.Light.Tests\CodeJam.Light.Tests.csproj", "{CB29CA2F-E131-44A1-8FE2-809C67A06664}"
EndProject
Project("{9A19103F-16F7-4668-BE54-9A1E7A4F7556}") = "CodeJam.FullTargeting.Example", "examples\CodeJam.FullTargeting.Example\CodeJam.FullTargeting.Example.csproj", "{E5C087B5-FF71-42BA-9B6F-1E6BDE0B0242}"
EndProject
Project("{9A19103F-16F7-4668-BE54-9A1E7A4F7556}") = "CodeJam.MinimalTargeting.Example", "examples\CodeJam.MinimalTargeting.Example\CodeJam.MinimalTargeting.Example.csproj", "{CA1048EC-AD02-456C-85D8-A39868EE2660}"
EndProject
Project("{2150E333-8FDC-42A3-9474-1A3956D46DE8}") = "Examples", "Examples", "{10B24AC3-CD23-430B-88BE-1A8863D38F2E}"
EndProject
Project("{2150E333-8FDC-42A3-9474-1A3956D46DE8}") = "Shared", "Shared", "{BD8EEDF8-BADF-4F12-91F2-66BBB4945B6A}"
EndProject
Project("{9A19103F-16F7-4668-BE54-9A1E7A4F7556}") = "CodeJam.MinimalTargeting.Tests", "tests\CodeJam.MinimalTargeting.Tests\CodeJam.MinimalTargeting.Tests.csproj", "{D962C8AE-F2A6-4AE8-A05D-86A7BC4607DE}"
EndProject
Project("{FAE04EC0-301F-11D3-BF4B-00C04F79EFBC}") = "docs", "docs\docs.csproj", "{C9EADA6B-27C2-4839-8286-7C46E89513BE}"
EndProject
Project("{FAE04EC0-301F-11D3-BF4B-00C04F79EFBC}") = "pipelines", "pipelines\pipelines.csproj", "{072FC95E-AE73-435F-A939-2B2214C6D512}"
EndProject
Global
	GlobalSection(SolutionConfigurationPlatforms) = preSolution
		Debug|Any CPU = Debug|Any CPU
		Release|Any CPU = Release|Any CPU
	EndGlobalSection
	GlobalSection(ProjectConfigurationPlatforms) = postSolution
		{BDCE6340-E18D-406B-B099-4EB9FCB92383}.Debug|Any CPU.ActiveCfg = Debug|Any CPU
		{BDCE6340-E18D-406B-B099-4EB9FCB92383}.Debug|Any CPU.Build.0 = Debug|Any CPU
		{BDCE6340-E18D-406B-B099-4EB9FCB92383}.Release|Any CPU.ActiveCfg = Release|Any CPU
		{BDCE6340-E18D-406B-B099-4EB9FCB92383}.Release|Any CPU.Build.0 = Release|Any CPU
		{BEA1C019-2376-4736-B009-041C39A837AF}.Debug|Any CPU.ActiveCfg = Debug|Any CPU
		{BEA1C019-2376-4736-B009-041C39A837AF}.Debug|Any CPU.Build.0 = Debug|Any CPU
		{BEA1C019-2376-4736-B009-041C39A837AF}.Release|Any CPU.ActiveCfg = Release|Any CPU
		{BEA1C019-2376-4736-B009-041C39A837AF}.Release|Any CPU.Build.0 = Release|Any CPU
		{CB29CA2F-E131-44A1-8FE2-809C67A06664}.Debug|Any CPU.ActiveCfg = Debug|Any CPU
		{CB29CA2F-E131-44A1-8FE2-809C67A06664}.Debug|Any CPU.Build.0 = Debug|Any CPU
		{CB29CA2F-E131-44A1-8FE2-809C67A06664}.Release|Any CPU.ActiveCfg = Release|Any CPU
		{CB29CA2F-E131-44A1-8FE2-809C67A06664}.Release|Any CPU.Build.0 = Release|Any CPU
		{E5C087B5-FF71-42BA-9B6F-1E6BDE0B0242}.Debug|Any CPU.ActiveCfg = Debug|Any CPU
		{E5C087B5-FF71-42BA-9B6F-1E6BDE0B0242}.Debug|Any CPU.Build.0 = Debug|Any CPU
		{E5C087B5-FF71-42BA-9B6F-1E6BDE0B0242}.Release|Any CPU.ActiveCfg = Release|Any CPU
		{E5C087B5-FF71-42BA-9B6F-1E6BDE0B0242}.Release|Any CPU.Build.0 = Release|Any CPU
		{CA1048EC-AD02-456C-85D8-A39868EE2660}.Debug|Any CPU.ActiveCfg = Debug|Any CPU
		{CA1048EC-AD02-456C-85D8-A39868EE2660}.Debug|Any CPU.Build.0 = Debug|Any CPU
		{CA1048EC-AD02-456C-85D8-A39868EE2660}.Release|Any CPU.ActiveCfg = Release|Any CPU
		{CA1048EC-AD02-456C-85D8-A39868EE2660}.Release|Any CPU.Build.0 = Release|Any CPU
		{D962C8AE-F2A6-4AE8-A05D-86A7BC4607DE}.Debug|Any CPU.ActiveCfg = Debug|Any CPU
		{D962C8AE-F2A6-4AE8-A05D-86A7BC4607DE}.Debug|Any CPU.Build.0 = Debug|Any CPU
		{D962C8AE-F2A6-4AE8-A05D-86A7BC4607DE}.Release|Any CPU.ActiveCfg = Release|Any CPU
		{D962C8AE-F2A6-4AE8-A05D-86A7BC4607DE}.Release|Any CPU.Build.0 = Release|Any CPU
		{C9EADA6B-27C2-4839-8286-7C46E89513BE}.Debug|Any CPU.ActiveCfg = Debug|Any CPU
		{C9EADA6B-27C2-4839-8286-7C46E89513BE}.Debug|Any CPU.Build.0 = Debug|Any CPU
		{C9EADA6B-27C2-4839-8286-7C46E89513BE}.Release|Any CPU.ActiveCfg = Release|Any CPU
		{C9EADA6B-27C2-4839-8286-7C46E89513BE}.Release|Any CPU.Build.0 = Release|Any CPU
		{072FC95E-AE73-435F-A939-2B2214C6D512}.Debug|Any CPU.ActiveCfg = Debug|Any CPU
		{072FC95E-AE73-435F-A939-2B2214C6D512}.Debug|Any CPU.Build.0 = Debug|Any CPU
		{072FC95E-AE73-435F-A939-2B2214C6D512}.Release|Any CPU.ActiveCfg = Release|Any CPU
		{072FC95E-AE73-435F-A939-2B2214C6D512}.Release|Any CPU.Build.0 = Release|Any CPU
	EndGlobalSection
	GlobalSection(SolutionProperties) = preSolution
		HideSolutionNode = FALSE
	EndGlobalSection
	GlobalSection(NestedProjects) = preSolution
		{BEA1C019-2376-4736-B009-041C39A837AF} = {BD8EEDF8-BADF-4F12-91F2-66BBB4945B6A}
		{E5C087B5-FF71-42BA-9B6F-1E6BDE0B0242} = {10B24AC3-CD23-430B-88BE-1A8863D38F2E}
		{CA1048EC-AD02-456C-85D8-A39868EE2660} = {10B24AC3-CD23-430B-88BE-1A8863D38F2E}
		{C9EADA6B-27C2-4839-8286-7C46E89513BE} = {BD8EEDF8-BADF-4F12-91F2-66BBB4945B6A}
		{072FC95E-AE73-435F-A939-2B2214C6D512} = {BD8EEDF8-BADF-4F12-91F2-66BBB4945B6A}
	EndGlobalSection
	GlobalSection(ExtensibilityGlobals) = postSolution
		SolutionGuid = {0C1CCCAA-90AC-4130-B555-63C1DA792199}
	EndGlobalSection
EndGlobal
